
Microsoft Visual Studio Solution File, Format Version 12.00
# Visual Studio Version 17
VisualStudioVersion = 17.11.35327.3
MinimumVisualStudioVersion = 10.0.40219.1
Project("{FAE04EC0-301F-11D3-BF4B-00C04F79EFBC}") = "OPP_lab6", "OPP_lab6\OPP_lab6.csproj", "{BF5F555C-9084-4BAA-A398-E4BDB6F2FFB2}"
EndProject
Global
	GlobalSection(SolutionConfigurationPlatforms) = preSolution
		Debug|Any CPU = Debug|Any CPU
		Release|Any CPU = Release|Any CPU
	EndGlobalSection
	GlobalSection(ProjectConfigurationPlatforms) = postSolution
		{BF5F555C-9084-4BAA-A398-E4BDB6F2FFB2}.Debug|Any CPU.ActiveCfg = Debug|Any CPU
		{BF5F555C-9084-4BAA-A398-E4BDB6F2FFB2}.Debug|Any CPU.Build.0 = Debug|Any CPU
		{BF5F555C-9084-4BAA-A398-E4BDB6F2FFB2}.Release|Any CPU.ActiveCfg = Release|Any CPU
		{BF5F555C-9084-4BAA-A398-E4BDB6F2FFB2}.Release|Any CPU.Build.0 = Release|Any CPU
	EndGlobalSection
	GlobalSection(SolutionProperties) = preSolution
		HideSolutionNode = FALSE
	EndGlobalSection
	GlobalSection(ExtensibilityGlobals) = postSolution
		SolutionGuid = {B45C242E-DC62-4234-930B-AC201D112A7C}
	EndGlobalSection
EndGlobal
